
Microsoft Visual Studio Solution File, Format Version 12.00
# Visual Studio 14
VisualStudioVersion = 14.0.25123.0
MinimumVisualStudioVersion = 10.0.40219.1
Project("{FAE04EC0-301F-11D3-BF4B-00C04F79EFBC}") = "Blueyonder.DataAccess", "Blueyonder.DataAccess\Blueyonder.DataAccess.csproj", "{8D8EA32F-ABE8-43C8-A2D8-610826EE0453}"
EndProject
Project("{FAE04EC0-301F-11D3-BF4B-00C04F79EFBC}") = "Blueyonder.Web.Client", "Blueyonder.Web.Client\Blueyonder.Web.Client.csproj", "{72C3EF0A-6E9C-4FCE-A32A-7173D9A7837F}"
EndProject
Project("{FAE04EC0-301F-11D3-BF4B-00C04F79EFBC}") = "Blueyonder.Test", "Blueyonder.Test\Blueyonder.Test.csproj", "{2D3DE791-5109-4F5B-9BF6-3EA008151B1D}"
EndProject
Global
	GlobalSection(SolutionConfigurationPlatforms) = preSolution
		Debug|Any CPU = Debug|Any CPU
		Release|Any CPU = Release|Any CPU
	EndGlobalSection
	GlobalSection(ProjectConfigurationPlatforms) = postSolution
		{8D8EA32F-ABE8-43C8-A2D8-610826EE0453}.Debug|Any CPU.ActiveCfg = Debug|Any CPU
		{8D8EA32F-ABE8-43C8-A2D8-610826EE0453}.Debug|Any CPU.Build.0 = Debug|Any CPU
		{8D8EA32F-ABE8-43C8-A2D8-610826EE0453}.Release|Any CPU.ActiveCfg = Release|Any CPU
		{8D8EA32F-ABE8-43C8-A2D8-610826EE0453}.Release|Any CPU.Build.0 = Release|Any CPU
		{72C3EF0A-6E9C-4FCE-A32A-7173D9A7837F}.Debug|Any CPU.ActiveCfg = Debug|Any CPU
		{72C3EF0A-6E9C-4FCE-A32A-7173D9A7837F}.Debug|Any CPU.Build.0 = Debug|Any CPU
		{72C3EF0A-6E9C-4FCE-A32A-7173D9A7837F}.Release|Any CPU.ActiveCfg = Release|Any CPU
		{72C3EF0A-6E9C-4FCE-A32A-7173D9A7837F}.Release|Any CPU.Build.0 = Release|Any CPU
		{2D3DE791-5109-4F5B-9BF6-3EA008151B1D}.Debug|Any CPU.ActiveCfg = Debug|Any CPU
		{2D3DE791-5109-4F5B-9BF6-3EA008151B1D}.Debug|Any CPU.Build.0 = Debug|Any CPU
		{2D3DE791-5109-4F5B-9BF6-3EA008151B1D}.Release|Any CPU.ActiveCfg = Release|Any CPU
		{2D3DE791-5109-4F5B-9BF6-3EA008151B1D}.Release|Any CPU.Build.0 = Release|Any CPU
	EndGlobalSection
	GlobalSection(SolutionProperties) = preSolution
		HideSolutionNode = FALSE
	EndGlobalSection
EndGlobal
